// !$*UTF8*$!
{
	archiveVersion = 1;
	classes = {
	};
	objectVersion = 50;
	objects = {

/* Begin PBXBuildFile section */
		2267DCDC2615DB590016EFB1 /* AppDelegate.swift in Sources */ = {isa = PBXBuildFile; fileRef = 2267DCDB2615DB590016EFB1 /* AppDelegate.swift */; };
		2267DCDE2615DB590016EFB1 /* SceneDelegate.swift in Sources */ = {isa = PBXBuildFile; fileRef = 2267DCDD2615DB590016EFB1 /* SceneDelegate.swift */; };
		2267DCE02615DB590016EFB1 /* ViewController.swift in Sources */ = {isa = PBXBuildFile; fileRef = 2267DCDF2615DB590016EFB1 /* ViewController.swift */; };
		2267DCE32615DB590016EFB1 /* Main.storyboard in Resources */ = {isa = PBXBuildFile; fileRef = 2267DCE12615DB590016EFB1 /* Main.storyboard */; };
		2267DCE52615DB5C0016EFB1 /* Assets.xcassets in Resources */ = {isa = PBXBuildFile; fileRef = 2267DCE42615DB5C0016EFB1 /* Assets.xcassets */; };
		2267DCE82615DB5C0016EFB1 /* LaunchScreen.storyboard in Resources */ = {isa = PBXBuildFile; fileRef = 2267DCE62615DB5C0016EFB1 /* LaunchScreen.storyboard */; };
		2267DCF32615DB5D0016EFB1 /* KongBankTests.swift in Sources */ = {isa = PBXBuildFile; fileRef = 2267DCF22615DB5D0016EFB1 /* KongBankTests.swift */; };
		2267DCFE2615DB5D0016EFB1 /* KongBankUITests.swift in Sources */ = {isa = PBXBuildFile; fileRef = 2267DCFD2615DB5D0016EFB1 /* KongBankUITests.swift */; };
/* End PBXBuildFile section */

/* Begin PBXContainerItemProxy section */
		2267DCEF2615DB5D0016EFB1 /* PBXContainerItemProxy */ = {
			isa = PBXContainerItemProxy;
			containerPortal = 2267DCD02615DB580016EFB1 /* Project object */;
			proxyType = 1;
			remoteGlobalIDString = 2267DCD72615DB580016EFB1;
			remoteInfo = KongBank;
		};
		2267DCFA2615DB5D0016EFB1 /* PBXContainerItemProxy */ = {
			isa = PBXContainerItemProxy;
			containerPortal = 2267DCD02615DB580016EFB1 /* Project object */;
			proxyType = 1;
			remoteGlobalIDString = 2267DCD72615DB580016EFB1;
			remoteInfo = KongBank;
		};
/* End PBXContainerItemProxy section */

/* Begin PBXFileReference section */
		2267DCD82615DB580016EFB1 /* KongBank.app */ = {isa = PBXFileReference; explicitFileType = wrapper.application; includeInIndex = 0; path = KongBank.app; sourceTree = BUILT_PRODUCTS_DIR; };
		2267DCDB2615DB590016EFB1 /* AppDelegate.swift */ = {isa = PBXFileReference; lastKnownFileType = sourcecode.swift; path = AppDelegate.swift; sourceTree = "<group>"; };
		2267DCDD2615DB590016EFB1 /* SceneDelegate.swift */ = {isa = PBXFileReference; lastKnownFileType = sourcecode.swift; path = SceneDelegate.swift; sourceTree = "<group>"; };
		2267DCDF2615DB590016EFB1 /* ViewController.swift */ = {isa = PBXFileReference; lastKnownFileType = sourcecode.swift; path = ViewController.swift; sourceTree = "<group>"; };
		2267DCE22615DB590016EFB1 /* Base */ = {isa = PBXFileReference; lastKnownFileType = file.storyboard; name = Base; path = Base.lproj/Main.storyboard; sourceTree = "<group>"; };
		2267DCE42615DB5C0016EFB1 /* Assets.xcassets */ = {isa = PBXFileReference; lastKnownFileType = folder.assetcatalog; path = Assets.xcassets; sourceTree = "<group>"; };
		2267DCE72615DB5C0016EFB1 /* Base */ = {isa = PBXFileReference; lastKnownFileType = file.storyboard; name = Base; path = Base.lproj/LaunchScreen.storyboard; sourceTree = "<group>"; };
		2267DCE92615DB5C0016EFB1 /* Info.plist */ = {isa = PBXFileReference; lastKnownFileType = text.plist.xml; path = Info.plist; sourceTree = "<group>"; };
		2267DCEE2615DB5D0016EFB1 /* KongBankTests.xctest */ = {isa = PBXFileReference; explicitFileType = wrapper.cfbundle; includeInIndex = 0; path = KongBankTests.xctest; sourceTree = BUILT_PRODUCTS_DIR; };
		2267DCF22615DB5D0016EFB1 /* KongBankTests.swift */ = {isa = PBXFileReference; lastKnownFileType = sourcecode.swift; path = KongBankTests.swift; sourceTree = "<group>"; };
		2267DCF42615DB5D0016EFB1 /* Info.plist */ = {isa = PBXFileReference; lastKnownFileType = text.plist.xml; path = Info.plist; sourceTree = "<group>"; };
		2267DCF92615DB5D0016EFB1 /* KongBankUITests.xctest */ = {isa = PBXFileReference; explicitFileType = wrapper.cfbundle; includeInIndex = 0; path = KongBankUITests.xctest; sourceTree = BUILT_PRODUCTS_DIR; };
		2267DCFD2615DB5D0016EFB1 /* KongBankUITests.swift */ = {isa = PBXFileReference; lastKnownFileType = sourcecode.swift; path = KongBankUITests.swift; sourceTree = "<group>"; };
		2267DCFF2615DB5D0016EFB1 /* Info.plist */ = {isa = PBXFileReference; lastKnownFileType = text.plist.xml; path = Info.plist; sourceTree = "<group>"; };
/* End PBXFileReference section */

/* Begin PBXFrameworksBuildPhase section */
		2267DCD52615DB580016EFB1 /* Frameworks */ = {
			isa = PBXFrameworksBuildPhase;
			buildActionMask = 2147483647;
			files = (
			);
			runOnlyForDeploymentPostprocessing = 0;
		};
		2267DCEB2615DB5D0016EFB1 /* Frameworks */ = {
			isa = PBXFrameworksBuildPhase;
			buildActionMask = 2147483647;
			files = (
			);
			runOnlyForDeploymentPostprocessing = 0;
		};
		2267DCF62615DB5D0016EFB1 /* Frameworks */ = {
			isa = PBXFrameworksBuildPhase;
			buildActionMask = 2147483647;
			files = (
			);
			runOnlyForDeploymentPostprocessing = 0;
		};
/* End PBXFrameworksBuildPhase section */

/* Begin PBXGroup section */
		2267DCCF2615DB580016EFB1 = {
			isa = PBXGroup;
			children = (
				2267DCDA2615DB590016EFB1 /* KongBank */,
				2267DCF12615DB5D0016EFB1 /* KongBankTests */,
				2267DCFC2615DB5D0016EFB1 /* KongBankUITests */,
				2267DCD92615DB580016EFB1 /* Products */,
			);
			sourceTree = "<group>";
		};
		2267DCD92615DB580016EFB1 /* Products */ = {
			isa = PBXGroup;
			children = (
				2267DCD82615DB580016EFB1 /* KongBank.app */,
				2267DCEE2615DB5D0016EFB1 /* KongBankTests.xctest */,
				2267DCF92615DB5D0016EFB1 /* KongBankUITests.xctest */,
			);
			name = Products;
			sourceTree = "<group>";
		};
		2267DCDA2615DB590016EFB1 /* KongBank */ = {
			isa = PBXGroup;
			children = (
				2267DCDB2615DB590016EFB1 /* AppDelegate.swift */,
				2267DCDD2615DB590016EFB1 /* SceneDelegate.swift */,
				2267DCDF2615DB590016EFB1 /* ViewController.swift */,
				2267DCE12615DB590016EFB1 /* Main.storyboard */,
				2267DCE42615DB5C0016EFB1 /* Assets.xcassets */,
				2267DCE62615DB5C0016EFB1 /* LaunchScreen.storyboard */,
				2267DCE92615DB5C0016EFB1 /* Info.plist */,
			);
			path = KongBank;
			sourceTree = "<group>";
		};
		2267DCF12615DB5D0016EFB1 /* KongBankTests */ = {
			isa = PBXGroup;
			children = (
				2267DCF22615DB5D0016EFB1 /* KongBankTests.swift */,
				2267DCF42615DB5D0016EFB1 /* Info.plist */,
			);
			path = KongBankTests;
			sourceTree = "<group>";
		};
		2267DCFC2615DB5D0016EFB1 /* KongBankUITests */ = {
			isa = PBXGroup;
			children = (
				2267DCFD2615DB5D0016EFB1 /* KongBankUITests.swift */,
				2267DCFF2615DB5D0016EFB1 /* Info.plist */,
			);
			path = KongBankUITests;
			sourceTree = "<group>";
		};
/* End PBXGroup section */

/* Begin PBXNativeTarget section */
		2267DCD72615DB580016EFB1 /* KongBank */ = {
			isa = PBXNativeTarget;
			buildConfigurationList = 2267DD022615DB5D0016EFB1 /* Build configuration list for PBXNativeTarget "KongBank" */;
			buildPhases = (
				2267DCD42615DB580016EFB1 /* Sources */,
				2267DCD52615DB580016EFB1 /* Frameworks */,
				2267DCD62615DB580016EFB1 /* Resources */,
			);
			buildRules = (
			);
			dependencies = (
			);
			name = KongBank;
			productName = KongBank;
			productReference = 2267DCD82615DB580016EFB1 /* KongBank.app */;
			productType = "com.apple.product-type.application";
		};
		2267DCED2615DB5D0016EFB1 /* KongBankTests */ = {
			isa = PBXNativeTarget;
			buildConfigurationList = 2267DD052615DB5D0016EFB1 /* Build configuration list for PBXNativeTarget "KongBankTests" */;
			buildPhases = (
				2267DCEA2615DB5D0016EFB1 /* Sources */,
				2267DCEB2615DB5D0016EFB1 /* Frameworks */,
				2267DCEC2615DB5D0016EFB1 /* Resources */,
			);
			buildRules = (
			);
			dependencies = (
				2267DCF02615DB5D0016EFB1 /* PBXTargetDependency */,
			);
			name = KongBankTests;
			productName = KongBankTests;
			productReference = 2267DCEE2615DB5D0016EFB1 /* KongBankTests.xctest */;
			productType = "com.apple.product-type.bundle.unit-test";
		};
		2267DCF82615DB5D0016EFB1 /* KongBankUITests */ = {
			isa = PBXNativeTarget;
			buildConfigurationList = 2267DD082615DB5D0016EFB1 /* Build configuration list for PBXNativeTarget "KongBankUITests" */;
			buildPhases = (
				2267DCF52615DB5D0016EFB1 /* Sources */,
				2267DCF62615DB5D0016EFB1 /* Frameworks */,
				2267DCF72615DB5D0016EFB1 /* Resources */,
			);
			buildRules = (
			);
			dependencies = (
				2267DCFB2615DB5D0016EFB1 /* PBXTargetDependency */,
			);
			name = KongBankUITests;
			productName = KongBankUITests;
			productReference = 2267DCF92615DB5D0016EFB1 /* KongBankUITests.xctest */;
			productType = "com.apple.product-type.bundle.ui-testing";
		};
/* End PBXNativeTarget section */

/* Begin PBXProject section */
		2267DCD02615DB580016EFB1 /* Project object */ = {
			isa = PBXProject;
			attributes = {
				LastSwiftUpdateCheck = 1240;
				LastUpgradeCheck = 1240;
				TargetAttributes = {
					2267DCD72615DB580016EFB1 = {
						CreatedOnToolsVersion = 12.4;
					};
					2267DCED2615DB5D0016EFB1 = {
						CreatedOnToolsVersion = 12.4;
						TestTargetID = 2267DCD72615DB580016EFB1;
					};
					2267DCF82615DB5D0016EFB1 = {
						CreatedOnToolsVersion = 12.4;
						TestTargetID = 2267DCD72615DB580016EFB1;
					};
				};
			};
			buildConfigurationList = 2267DCD32615DB580016EFB1 /* Build configuration list for PBXProject "KongBank" */;
			compatibilityVersion = "Xcode 9.3";
			developmentRegion = en;
			hasScannedForEncodings = 0;
			knownRegions = (
				en,
				Base,
			);
			mainGroup = 2267DCCF2615DB580016EFB1;
			productRefGroup = 2267DCD92615DB580016EFB1 /* Products */;
			projectDirPath = "";
			projectRoot = "";
			targets = (
				2267DCD72615DB580016EFB1 /* KongBank */,
				2267DCED2615DB5D0016EFB1 /* KongBankTests */,
				2267DCF82615DB5D0016EFB1 /* KongBankUITests */,
			);
		};
/* End PBXProject section */

/* Begin PBXResourcesBuildPhase section */
		2267DCD62615DB580016EFB1 /* Resources */ = {
			isa = PBXResourcesBuildPhase;
			buildActionMask = 2147483647;
			files = (
				2267DCE82615DB5C0016EFB1 /* LaunchScreen.storyboard in Resources */,
				2267DCE52615DB5C0016EFB1 /* Assets.xcassets in Resources */,
				2267DCE32615DB590016EFB1 /* Main.storyboard in Resources */,
			);
			runOnlyForDeploymentPostprocessing = 0;
		};
		2267DCEC2615DB5D0016EFB1 /* Resources */ = {
			isa = PBXResourcesBuildPhase;
			buildActionMask = 2147483647;
			files = (
			);
			runOnlyForDeploymentPostprocessing = 0;
		};
		2267DCF72615DB5D0016EFB1 /* Resources */ = {
			isa = PBXResourcesBuildPhase;
			buildActionMask = 2147483647;
			files = (
			);
			runOnlyForDeploymentPostprocessing = 0;
		};
/* End PBXResourcesBuildPhase section */

/* Begin PBXSourcesBuildPhase section */
		2267DCD42615DB580016EFB1 /* Sources */ = {
			isa = PBXSourcesBuildPhase;
			buildActionMask = 2147483647;
			files = (
				2267DCE02615DB590016EFB1 /* ViewController.swift in Sources */,
				2267DCDC2615DB590016EFB1 /* AppDelegate.swift in Sources */,
				2267DCDE2615DB590016EFB1 /* SceneDelegate.swift in Sources */,
			);
			runOnlyForDeploymentPostprocessing = 0;
		};
		2267DCEA2615DB5D0016EFB1 /* Sources */ = {
			isa = PBXSourcesBuildPhase;
			buildActionMask = 2147483647;
			files = (
				2267DCF32615DB5D0016EFB1 /* KongBankTests.swift in Sources */,
			);
			runOnlyForDeploymentPostprocessing = 0;
		};
		2267DCF52615DB5D0016EFB1 /* Sources */ = {
			isa = PBXSourcesBuildPhase;
			buildActionMask = 2147483647;
			files = (
				2267DCFE2615DB5D0016EFB1 /* KongBankUITests.swift in Sources */,
			);
			runOnlyForDeploymentPostprocessing = 0;
		};
/* End PBXSourcesBuildPhase section */

/* Begin PBXTargetDependency section */
		2267DCF02615DB5D0016EFB1 /* PBXTargetDependency */ = {
			isa = PBXTargetDependency;
			target = 2267DCD72615DB580016EFB1 /* KongBank */;
			targetProxy = 2267DCEF2615DB5D0016EFB1 /* PBXContainerItemProxy */;
		};
		2267DCFB2615DB5D0016EFB1 /* PBXTargetDependency */ = {
			isa = PBXTargetDependency;
			target = 2267DCD72615DB580016EFB1 /* KongBank */;
			targetProxy = 2267DCFA2615DB5D0016EFB1 /* PBXContainerItemProxy */;
		};
/* End PBXTargetDependency section */

/* Begin PBXVariantGroup section */
		2267DCE12615DB590016EFB1 /* Main.storyboard */ = {
			isa = PBXVariantGroup;
			children = (
				2267DCE22615DB590016EFB1 /* Base */,
			);
			name = Main.storyboard;
			sourceTree = "<group>";
		};
		2267DCE62615DB5C0016EFB1 /* LaunchScreen.storyboard */ = {
			isa = PBXVariantGroup;
			children = (
				2267DCE72615DB5C0016EFB1 /* Base */,
			);
			name = LaunchScreen.storyboard;
			sourceTree = "<group>";
		};
/* End PBXVariantGroup section */

/* Begin XCBuildConfiguration section */
		2267DD002615DB5D0016EFB1 /* Debug */ = {
			isa = XCBuildConfiguration;
			buildSettings = {
				ALWAYS_SEARCH_USER_PATHS = NO;
				CLANG_ANALYZER_NONNULL = YES;
				CLANG_ANALYZER_NUMBER_OBJECT_CONVERSION = YES_AGGRESSIVE;
				CLANG_CXX_LANGUAGE_STANDARD = "gnu++14";
				CLANG_CXX_LIBRARY = "libc++";
				CLANG_ENABLE_MODULES = YES;
				CLANG_ENABLE_OBJC_ARC = YES;
				CLANG_ENABLE_OBJC_WEAK = YES;
				CLANG_WARN_BLOCK_CAPTURE_AUTORELEASING = YES;
				CLANG_WARN_BOOL_CONVERSION = YES;
				CLANG_WARN_COMMA = YES;
				CLANG_WARN_CONSTANT_CONVERSION = YES;
				CLANG_WARN_DEPRECATED_OBJC_IMPLEMENTATIONS = YES;
				CLANG_WARN_DIRECT_OBJC_ISA_USAGE = YES_ERROR;
				CLANG_WARN_DOCUMENTATION_COMMENTS = YES;
				CLANG_WARN_EMPTY_BODY = YES;
				CLANG_WARN_ENUM_CONVERSION = YES;
				CLANG_WARN_INFINITE_RECURSION = YES;
				CLANG_WARN_INT_CONVERSION = YES;
				CLANG_WARN_NON_LITERAL_NULL_CONVERSION = YES;
				CLANG_WARN_OBJC_IMPLICIT_RETAIN_SELF = YES;
				CLANG_WARN_OBJC_LITERAL_CONVERSION = YES;
				CLANG_WARN_OBJC_ROOT_CLASS = YES_ERROR;
				CLANG_WARN_QUOTED_INCLUDE_IN_FRAMEWORK_HEADER = YES;
				CLANG_WARN_RANGE_LOOP_ANALYSIS = YES;
				CLANG_WARN_STRICT_PROTOTYPES = YES;
				CLANG_WARN_SUSPICIOUS_MOVE = YES;
				CLANG_WARN_UNGUARDED_AVAILABILITY = YES_AGGRESSIVE;
				CLANG_WARN_UNREACHABLE_CODE = YES;
				CLANG_WARN__DUPLICATE_METHOD_MATCH = YES;
				COPY_PHASE_STRIP = NO;
				DEBUG_INFORMATION_FORMAT = dwarf;
				ENABLE_STRICT_OBJC_MSGSEND = YES;
				ENABLE_TESTABILITY = YES;
				GCC_C_LANGUAGE_STANDARD = gnu11;
				GCC_DYNAMIC_NO_PIC = NO;
				GCC_NO_COMMON_BLOCKS = YES;
				GCC_OPTIMIZATION_LEVEL = 0;
				GCC_PREPROCESSOR_DEFINITIONS = (
					"DEBUG=1",
					"$(inherited)",
				);
				GCC_WARN_64_TO_32_BIT_CONVERSION = YES;
				GCC_WARN_ABOUT_RETURN_TYPE = YES_ERROR;
				GCC_WARN_UNDECLARED_SELECTOR = YES;
				GCC_WARN_UNINITIALIZED_AUTOS = YES_AGGRESSIVE;
				GCC_WARN_UNUSED_FUNCTION = YES;
				GCC_WARN_UNUSED_VARIABLE = YES;
				IPHONEOS_DEPLOYMENT_TARGET = 14.4;
				MTL_ENABLE_DEBUG_INFO = INCLUDE_SOURCE;
				MTL_FAST_MATH = YES;
				ONLY_ACTIVE_ARCH = YES;
				SDKROOT = iphoneos;
				SWIFT_ACTIVE_COMPILATION_CONDITIONS = DEBUG;
				SWIFT_OPTIMIZATION_LEVEL = "-Onone";
			};
			name = Debug;
		};
		2267DD012615DB5D0016EFB1 /* Release */ = {
			isa = XCBuildConfiguration;
			buildSettings = {
				ALWAYS_SEARCH_USER_PATHS = NO;
				CLANG_ANALYZER_NONNULL = YES;
				CLANG_ANALYZER_NUMBER_OBJECT_CONVERSION = YES_AGGRESSIVE;
				CLANG_CXX_LANGUAGE_STANDARD = "gnu++14";
				CLANG_CXX_LIBRARY = "libc++";
				CLANG_ENABLE_MODULES = YES;
				CLANG_ENABLE_OBJC_ARC = YES;
				CLANG_ENABLE_OBJC_WEAK = YES;
				CLANG_WARN_BLOCK_CAPTURE_AUTORELEASING = YES;
				CLANG_WARN_BOOL_CONVERSION = YES;
				CLANG_WARN_COMMA = YES;
				CLANG_WARN_CONSTANT_CONVERSION = YES;
				CLANG_WARN_DEPRECATED_OBJC_IMPLEMENTATIONS = YES;
				CLANG_WARN_DIRECT_OBJC_ISA_USAGE = YES_ERROR;
				CLANG_WARN_DOCUMENTATION_COMMENTS = YES;
				CLANG_WARN_EMPTY_BODY = YES;
				CLANG_WARN_ENUM_CONVERSION = YES;
				CLANG_WARN_INFINITE_RECURSION = YES;
				CLANG_WARN_INT_CONVERSION = YES;
				CLANG_WARN_NON_LITERAL_NULL_CONVERSION = YES;
				CLANG_WARN_OBJC_IMPLICIT_RETAIN_SELF = YES;
				CLANG_WARN_OBJC_LITERAL_CONVERSION = YES;
				CLANG_WARN_OBJC_ROOT_CLASS = YES_ERROR;
				CLANG_WARN_QUOTED_INCLUDE_IN_FRAMEWORK_HEADER = YES;
				CLANG_WARN_RANGE_LOOP_ANALYSIS = YES;
				CLANG_WARN_STRICT_PROTOTYPES = YES;
				CLANG_WARN_SUSPICIOUS_MOVE = YES;
				CLANG_WARN_UNGUARDED_AVAILABILITY = YES_AGGRESSIVE;
				CLANG_WARN_UNREACHABLE_CODE = YES;
				CLANG_WARN__DUPLICATE_METHOD_MATCH = YES;
				COPY_PHASE_STRIP = NO;
				DEBUG_INFORMATION_FORMAT = "dwarf-with-dsym";
				ENABLE_NS_ASSERTIONS = NO;
				ENABLE_STRICT_OBJC_MSGSEND = YES;
				GCC_C_LANGUAGE_STANDARD = gnu11;
				GCC_NO_COMMON_BLOCKS = YES;
				GCC_WARN_64_TO_32_BIT_CONVERSION = YES;
				GCC_WARN_ABOUT_RETURN_TYPE = YES_ERROR;
				GCC_WARN_UNDECLARED_SELECTOR = YES;
				GCC_WARN_UNINITIALIZED_AUTOS = YES_AGGRESSIVE;
				GCC_WARN_UNUSED_FUNCTION = YES;
				GCC_WARN_UNUSED_VARIABLE = YES;
				IPHONEOS_DEPLOYMENT_TARGET = 14.4;
				MTL_ENABLE_DEBUG_INFO = NO;
				MTL_FAST_MATH = YES;
				SDKROOT = iphoneos;
				SWIFT_COMPILATION_MODE = wholemodule;
				SWIFT_OPTIMIZATION_LEVEL = "-O";
				VALIDATE_PRODUCT = YES;
			};
			name = Release;
		};
		2267DD032615DB5D0016EFB1 /* Debug */ = {
			isa = XCBuildConfiguration;
			buildSettings = {
				ASSETCATALOG_COMPILER_APPICON_NAME = AppIcon;
				ASSETCATALOG_COMPILER_GLOBAL_ACCENT_COLOR_NAME = AccentColor;
				CODE_SIGN_STYLE = Automatic;
				DEVELOPMENT_TEAM = 27FY64RUCC;
				INFOPLIST_FILE = KongBank/Info.plist;
				LD_RUNPATH_SEARCH_PATHS = (
					"$(inherited)",
					"@executable_path/Frameworks",
				);
				PRODUCT_BUNDLE_IDENTIFIER = me.sorawit.KongBank;
				PRODUCT_NAME = "$(TARGET_NAME)";
				SWIFT_VERSION = 5.0;
				TARGETED_DEVICE_FAMILY = "1,2";
			};
			name = Debug;
		};
		2267DD042615DB5D0016EFB1 /* Release */ = {
			isa = XCBuildConfiguration;
			buildSettings = {
				ASSETCATALOG_COMPILER_APPICON_NAME = AppIcon;
				ASSETCATALOG_COMPILER_GLOBAL_ACCENT_COLOR_NAME = AccentColor;
				CODE_SIGN_STYLE = Automatic;
				DEVELOPMENT_TEAM = 27FY64RUCC;
				INFOPLIST_FILE = KongBank/Info.plist;
				LD_RUNPATH_SEARCH_PATHS = (
					"$(inherited)",
					"@executable_path/Frameworks",
				);
				PRODUCT_BUNDLE_IDENTIFIER = me.sorawit.KongBank;
				PRODUCT_NAME = "$(TARGET_NAME)";
				SWIFT_VERSION = 5.0;
				TARGETED_DEVICE_FAMILY = "1,2";
			};
			name = Release;
		};
		2267DD062615DB5D0016EFB1 /* Debug */ = {
			isa = XCBuildConfiguration;
			buildSettings = {
				ALWAYS_EMBED_SWIFT_STANDARD_LIBRARIES = YES;
				BUNDLE_LOADER = "$(TEST_HOST)";
				CODE_SIGN_STYLE = Automatic;
				DEVELOPMENT_TEAM = 27FY64RUCC;
				INFOPLIST_FILE = KongBankTests/Info.plist;
				IPHONEOS_DEPLOYMENT_TARGET = 14.4;
				LD_RUNPATH_SEARCH_PATHS = (
					"$(inherited)",
					"@executable_path/Frameworks",
					"@loader_path/Frameworks",
				);
				PRODUCT_BUNDLE_IDENTIFIER = me.sorawit.KongBankTests;
				PRODUCT_NAME = "$(TARGET_NAME)";
				SWIFT_VERSION = 5.0;
				TARGETED_DEVICE_FAMILY = "1,2";
				TEST_HOST = "$(BUILT_PRODUCTS_DIR)/KongBank.app/KongBank";
			};
			name = Debug;
		};
		2267DD072615DB5D0016EFB1 /* Release */ = {
			isa = XCBuildConfiguration;
			buildSettings = {
				ALWAYS_EMBED_SWIFT_STANDARD_LIBRARIES = YES;
				BUNDLE_LOADER = "$(TEST_HOST)";
				CODE_SIGN_STYLE = Automatic;
				DEVELOPMENT_TEAM = 27FY64RUCC;
				INFOPLIST_FILE = KongBankTests/Info.plist;
				IPHONEOS_DEPLOYMENT_TARGET = 14.4;
				LD_RUNPATH_SEARCH_PATHS = (
					"$(inherited)",
					"@executable_path/Frameworks",
					"@loader_path/Frameworks",
				);
				PRODUCT_BUNDLE_IDENTIFIER = me.sorawit.KongBankTests;
				PRODUCT_NAME = "$(TARGET_NAME)";
				SWIFT_VERSION = 5.0;
				TARGETED_DEVICE_FAMILY = "1,2";
				TEST_HOST = "$(BUILT_PRODUCTS_DIR)/KongBank.app/KongBank";
			};
			name = Release;
		};
		2267DD092615DB5D0016EFB1 /* Debug */ = {
			isa = XCBuildConfiguration;
			buildSettings = {
				ALWAYS_EMBED_SWIFT_STANDARD_LIBRARIES = YES;
				CODE_SIGN_STYLE = Automatic;
				DEVELOPMENT_TEAM = 27FY64RUCC;
				INFOPLIST_FILE = KongBankUITests/Info.plist;
				LD_RUNPATH_SEARCH_PATHS = (
					"$(inherited)",
					"@executable_path/Frameworks",
					"@loader_path/Frameworks",
				);
				PRODUCT_BUNDLE_IDENTIFIER = me.sorawit.KongBankUITests;
				PRODUCT_NAME = "$(TARGET_NAME)";
				SWIFT_VERSION = 5.0;
				TARGETED_DEVICE_FAMILY = "1,2";
				TEST_TARGET_NAME = KongBank;
			};
			name = Debug;
		};
		2267DD0A2615DB5D0016EFB1 /* Release */ = {
			isa = XCBuildConfiguration;
			buildSettings = {
				ALWAYS_EMBED_SWIFT_STANDARD_LIBRARIES = YES;
				CODE_SIGN_STYLE = Automatic;
				DEVELOPMENT_TEAM = 27FY64RUCC;
				INFOPLIST_FILE = KongBankUITests/Info.plist;
				LD_RUNPATH_SEARCH_PATHS = (
					"$(inherited)",
					"@executable_path/Frameworks",
					"@loader_path/Frameworks",
				);
				PRODUCT_BUNDLE_IDENTIFIER = me.sorawit.KongBankUITests;
				PRODUCT_NAME = "$(TARGET_NAME)";
				SWIFT_VERSION = 5.0;
				TARGETED_DEVICE_FAMILY = "1,2";
				TEST_TARGET_NAME = KongBank;
			};
			name = Release;
		};
/* End XCBuildConfiguration section */

/* Begin XCConfigurationList section */
		2267DCD32615DB580016EFB1 /* Build configuration list for PBXProject "KongBank" */ = {
			isa = XCConfigurationList;
			buildConfigurations = (
				2267DD002615DB5D0016EFB1 /* Debug */,
				2267DD012615DB5D0016EFB1 /* Release */,
			);
			defaultConfigurationIsVisible = 0;
			defaultConfigurationName = Release;
		};
		2267DD022615DB5D0016EFB1 /* Build configuration list for PBXNativeTarget "KongBank" */ = {
			isa = XCConfigurationList;
			buildConfigurations = (
				2267DD032615DB5D0016EFB1 /* Debug */,
				2267DD042615DB5D0016EFB1 /* Release */,
			);
			defaultConfigurationIsVisible = 0;
			defaultConfigurationName = Release;
		};
		2267DD052615DB5D0016EFB1 /* Build configuration list for PBXNativeTarget "KongBankTests" */ = {
			isa = XCConfigurationList;
			buildConfigurations = (
				2267DD062615DB5D0016EFB1 /* Debug */,
				2267DD072615DB5D0016EFB1 /* Release */,
			);
			defaultConfigurationIsVisible = 0;
			defaultConfigurationName = Release;
		};
		2267DD082615DB5D0016EFB1 /* Build configuration list for PBXNativeTarget "KongBankUITests" */ = {
			isa = XCConfigurationList;
			buildConfigurations = (
				2267DD092615DB5D0016EFB1 /* Debug */,
				2267DD0A2615DB5D0016EFB1 /* Release */,
			);
			defaultConfigurationIsVisible = 0;
			defaultConfigurationName = Release;
		};
/* End XCConfigurationList section */
	};
	rootObject = 2267DCD02615DB580016EFB1 /* Project object */;
}
